
Microsoft Visual Studio Solution File, Format Version 12.00
# Visual Studio Version 17
VisualStudioVersion = 17.7.34024.191
MinimumVisualStudioVersion = 10.0.40219.1
Project("{FAE04EC0-301F-11D3-BF4B-00C04F79EFBC}") = "Consumir Datos de Redis", "Consumir Datos de Redis\Consumir Datos de Redis.csproj", "{7AD4DA26-B623-4E41-889C-283F97800B3C}"
EndProject
Global
	GlobalSection(SolutionConfigurationPlatforms) = preSolution
		Debug|Any CPU = Debug|Any CPU
		Release|Any CPU = Release|Any CPU
	EndGlobalSection
	GlobalSection(ProjectConfigurationPlatforms) = postSolution
		{7AD4DA26-B623-4E41-889C-283F97800B3C}.Debug|Any CPU.ActiveCfg = Debug|Any CPU
		{7AD4DA26-B623-4E41-889C-283F97800B3C}.Debug|Any CPU.Build.0 = Debug|Any CPU
		{7AD4DA26-B623-4E41-889C-283F97800B3C}.Release|Any CPU.ActiveCfg = Release|Any CPU
		{7AD4DA26-B623-4E41-889C-283F97800B3C}.Release|Any CPU.Build.0 = Release|Any CPU
	EndGlobalSection
	GlobalSection(SolutionProperties) = preSolution
		HideSolutionNode = FALSE
	EndGlobalSection
	GlobalSection(ExtensibilityGlobals) = postSolution
		SolutionGuid = {C9D550DB-0573-4F68-BE57-60B50A61E8B5}
	EndGlobalSection
EndGlobal
